Microsoft Visual Studio Solution File, Format Version 12.00
# Visual Studio Version 17
VisualStudioVersion = 17.13.35806.99
MinimumVisualStudioVersion = 10.0.40219.1
Project("{FAE04EC0-301F-11D3-BF4B-00C04F79EFBC}") = "AArkhipenko.Swagger", "AArkhipenko.Swagger\AArkhipenko.Swagger.csproj", "{54DC6FAE-C851-4687-B109-C93D969FB0D3}"
EndProject
Project("{2150E333-8FDC-42A3-9474-1A3956D46DE8}") = "Solution Items", "Solution Items", "{02EA681E-C7D8-13C7-8484-4AC65E1B71E8}"
	ProjectSection(SolutionItems) = preProject
		.gitignore = .gitignore
		LICENSE = LICENSE
		NuGet.Config = NuGet.Config
		README.md = README.md
	EndProjectSection
EndProject
Project("{FAE04EC0-301F-11D3-BF4B-00C04F79EFBC}") = "AArkhipenko.Swagger.Test", "AArkhipenko.Swagger.Test\AArkhipenko.Swagger.Test.csproj", "{C232448F-9A7E-488A-99B4-24F920BB08B8}"
EndProject
Global
	GlobalSection(SolutionConfigurationPlatforms) = preSolution
		Debug|Any CPU = Debug|Any CPU
		Release|Any CPU = Release|Any CPU
	EndGlobalSection
	GlobalSection(ProjectConfigurationPlatforms) = postSolution
		{54DC6FAE-C851-4687-B109-C93D969FB0D3}.Debug|Any CPU.ActiveCfg = Debug|Any CPU
		{54DC6FAE-C851-4687-B109-C93D969FB0D3}.Debug|Any CPU.Build.0 = Debug|Any CPU
		{54DC6FAE-C851-4687-B109-C93D969FB0D3}.Release|Any CPU.ActiveCfg = Release|Any CPU
		{54DC6FAE-C851-4687-B109-C93D969FB0D3}.Release|Any CPU.Build.0 = Release|Any CPU
		{C232448F-9A7E-488A-99B4-24F920BB08B8}.Debug|Any CPU.ActiveCfg = Debug|Any CPU
		{C232448F-9A7E-488A-99B4-24F920BB08B8}.Debug|Any CPU.Build.0 = Debug|Any CPU
		{C232448F-9A7E-488A-99B4-24F920BB08B8}.Release|Any CPU.ActiveCfg = Release|Any CPU
		{C232448F-9A7E-488A-99B4-24F920BB08B8}.Release|Any CPU.Build.0 = Release|Any CPU
	EndGlobalSection
	GlobalSection(SolutionProperties) = preSolution
		HideSolutionNode = FALSE
	EndGlobalSection
	GlobalSection(ExtensibilityGlobals) = postSolution
		SolutionGuid = {D55FB6C8-9FFE-44DE-822A-A581DCC60EC8}
	EndGlobalSection
EndGlobal
